<?xml version="1.0" encoding="utf-8"?>
<Project ToolsVersion="4.0" xmlns="http://schemas.microsoft.com/developer/msbuild/2003">
  <ItemGroup>
    <Filter Include="Source Files">
      <UniqueIdentifier>{4FC737F1-C7A5-4376-A066-2A32D752A2FF}</UniqueIdentifier>
      <Extensions>cpp;c;cc;cxx;def;odl;idl;hpj;bat;asm;asmx</Extensions>
    </Filter>
    <Filter Include="Header Files">
      <UniqueIdentifier>{93995380-89BD-4b04-88EB-625FBE52EBFB}</UniqueIdentifier>
      <Extensions>h;hh;hpp;hxx;hm;inl;inc;xsd</Extensions>
    </Filter>
    <Filter Include="Resource Files">
      <UniqueIdentifier>{67DA6AB6-F800-4c08-8B7A-83BB121AAD01}</UniqueIdentifier>
      <Extensions>rc;ico;cur;bmp;dlg;rc2;rct;bin;rgs;gif;jpg;jpeg;jpe;resx;tiff;tif;png;wav;mfcribbon-ms</Extensions>
    </Filter>
    <Filter Include="Json Spirit">
      <UniqueIdentifier>{273d8da6-8210-4fd9-9228-b72803c0f975}</UniqueIdentifier>
    </Filter>
    <Filter Include="TinyXML">
      <UniqueIdentifier>{b8b73bce-1345-4c7f-a73b-fab13189fd3f}</UniqueIdentifier>
    </Filter>
  </ItemGroup>
  <ItemGroup>
    <ClCompile Include="Source\animation.cpp">
      <Filter>Source Files</Filter>
    </ClCompile>
    <ClCompile Include="Source\enemy.cpp">
      <Filter>Source Files</Filter>
    </ClCompile>
    <ClCompile Include="Source\fight_logic.cpp">
      <Filter>Source Files</Filter>
    </ClCompile>
    <ClCompile Include="Source\frame.cpp">
      <Filter>Source Files</Filter>
    </ClCompile>
    <ClCompile Include="Source\frame_rect.cpp">
      <Filter>Source Files</Filter>
    </ClCompile>
    <ClCompile Include="Source\game.cpp">
      <Filter>Source Files</Filter>
    </ClCompile>
    <ClCompile Include="Source\hp_bar.cpp">
      <Filter>Source Files</Filter>
    </ClCompile>
    <ClCompile Include="Source\jump.cpp">
      <Filter>Source Files</Filter>
    </ClCompile>
    <ClCompile Include="Source\level.cpp">
      <Filter>Source Files</Filter>
    </ClCompile>
    <ClCompile Include="Source\main.cpp">
      <Filter>Source Files</Filter>
    </ClCompile>
    <ClCompile Include="Source\movement.cpp">
      <Filter>Source Files</Filter>
    </ClCompile>
    <ClCompile Include="Source\player.cpp">
      <Filter>Source Files</Filter>
    </ClCompile>
    <ClCompile Include="Source\visual.cpp">
      <Filter>Source Files</Filter>
    </ClCompile>
    <ClCompile Include="Libs\json_spirit\json_spirit_reader.cpp">
      <Filter>Json Spirit</Filter>
    </ClCompile>
    <ClCompile Include="Libs\json_spirit\json_spirit_value.cpp">
      <Filter>Json Spirit</Filter>
    </ClCompile>
    <ClCompile Include="Libs\json_spirit\json_spirit_writer.cpp">
      <Filter>Json Spirit</Filter>
    </ClCompile>
    <ClCompile Include="Libs\TinyXML\tinyxmlparser.cpp">
      <Filter>TinyXML</Filter>
    </ClCompile>
    <ClCompile Include="Libs\TinyXML\tinystr.cpp">
      <Filter>TinyXML</Filter>
    </ClCompile>
    <ClCompile Include="Libs\TinyXML\tinyxml.cpp">
      <Filter>TinyXML</Filter>
    </ClCompile>
    <ClCompile Include="Libs\TinyXML\tinyxmlerror.cpp">
      <Filter>TinyXML</Filter>
    </ClCompile>
  </ItemGroup>
  <ItemGroup>
    <ClInclude Include="Headers\animation.h">
      <Filter>Header Files</Filter>
    </ClInclude>
    <ClInclude Include="Headers\consts_and_enums.h">
      <Filter>Header Files</Filter>
    </ClInclude>
    <ClInclude Include="Headers\enemy.h">
      <Filter>Header Files</Filter>
    </ClInclude>
    <ClInclude Include="Headers\fight_logic.h">
      <Filter>Header Files</Filter>
    </ClInclude>
    <ClInclude Include="Headers\frame.h">
      <Filter>Header Files</Filter>
    </ClInclude>
    <ClInclude Include="Headers\frame_rect.h">
      <Filter>Header Files</Filter>
    </ClInclude>
    <ClInclude Include="Headers\game.h">
      <Filter>Header Files</Filter>
    </ClInclude>
    <ClInclude Include="Headers\gameconfig.h">
      <Filter>Header Files</Filter>
    </ClInclude>
    <ClInclude Include="Headers\hp_bar.h">
      <Filter>Header Files</Filter>
    </ClInclude>
    <ClInclude Include="Headers\jump.h">
      <Filter>Header Files</Filter>
    </ClInclude>
    <ClInclude Include="Headers\level.hpp">
      <Filter>Header Files</Filter>
    </ClInclude>
    <ClInclude Include="Headers\movement.h">
      <Filter>Header Files</Filter>
    </ClInclude>
    <ClInclude Include="Headers\player.h">
      <Filter>Header Files</Filter>
    </ClInclude>
    <ClInclude Include="Headers\using_json.h">
      <Filter>Header Files</Filter>
    </ClInclude>
    <ClInclude Include="Headers\visual.h">
      <Filter>Header Files</Filter>
    </ClInclude>
    <ClInclude Include="Libs\json_spirit\json_spirit.h">
      <Filter>Json Spirit</Filter>
    </ClInclude>
    <ClInclude Include="Libs\json_spirit\json_spirit_error_position.h">
      <Filter>Json Spirit</Filter>
    </ClInclude>
    <ClInclude Include="Libs\json_spirit\json_spirit_reader.h">
      <Filter>Json Spirit</Filter>
    </ClInclude>
    <ClInclude Include="Libs\json_spirit\json_spirit_reader_template.h">
      <Filter>Json Spirit</Filter>
    </ClInclude>
    <ClInclude Include="Libs\json_spirit\json_spirit_stream_reader.h">
      <Filter>Json Spirit</Filter>
    </ClInclude>
    <ClInclude Include="Libs\json_spirit\json_spirit_utils.h">
      <Filter>Json Spirit</Filter>
    </ClInclude>
    <ClInclude Include="Libs\json_spirit\json_spirit_value.h">
      <Filter>Json Spirit</Filter>
    </ClInclude>
    <ClInclude Include="Libs\json_spirit\json_spirit_writer.h">
      <Filter>Json Spirit</Filter>
    </ClInclude>
    <ClInclude Include="Libs\json_spirit\json_spirit_writer_options.h">
      <Filter>Json Spirit</Filter>
    </ClInclude>
    <ClInclude Include="Libs\json_spirit\json_spirit_writer_template.h">
      <Filter>Json Spirit</Filter>
    </ClInclude>
    <ClInclude Include="Libs\TinyXML\tinyxml.h">
      <Filter>TinyXML</Filter>
    </ClInclude>
    <ClInclude Include="Libs\TinyXML\tinystr.h">
      <Filter>TinyXML</Filter>
    </ClInclude>
  </ItemGroup>
</Project>